// !$*UTF8*$!
{
	archiveVersion = 1;
	classes = {
	};
	objectVersion = 56;
	objects = {

/* Begin PBXBuildFile section */
		FBB7D75C29D1BE0100671C52 /* ImageProcessingApp.swift in Sources */ = {isa = PBXBuildFile; fileRef = FBB7D75B29D1BE0100671C52 /* ImageProcessingApp.swift */; };
		FBB7D76029D1BE0200671C52 /* Assets.xcassets in Resources */ = {isa = PBXBuildFile; fileRef = FBB7D75F29D1BE0200671C52 /* Assets.xcassets */; };
		FBB7D76329D1BE0200671C52 /* Preview Assets.xcassets in Resources */ = {isa = PBXBuildFile; fileRef = FBB7D76229D1BE0200671C52 /* Preview Assets.xcassets */; };
		FBB7D76B29D1BF9500671C52 /* HomeView.swift in Sources */ = {isa = PBXBuildFile; fileRef = FBB7D76A29D1BF9500671C52 /* HomeView.swift */; };
		FBB7D76F29D1C05100671C52 /* ImageStackView.swift in Sources */ = {isa = PBXBuildFile; fileRef = FBB7D76E29D1C05100671C52 /* ImageStackView.swift */; };
		FBB7D77229D1C07300671C52 /* PHAsset+.swift in Sources */ = {isa = PBXBuildFile; fileRef = FBB7D77129D1C07300671C52 /* PHAsset+.swift */; };
		FBB7D77629D1C5CC00671C52 /* Dependencies in Frameworks */ = {isa = PBXBuildFile; productRef = FBB7D77529D1C5CC00671C52 /* Dependencies */; };
		FBB7D77929D1C86400671C52 /* ComposableArchitecture in Frameworks */ = {isa = PBXBuildFile; productRef = FBB7D77829D1C86400671C52 /* ComposableArchitecture */; };
		FBB7D77B29D1DED700671C52 /* PhotoClient.swift in Sources */ = {isa = PBXBuildFile; fileRef = FBB7D77A29D1DED700671C52 /* PhotoClient.swift */; };
		FBB7D77E29D1ED4F00671C52 /* PHFetchResultCollection.swift in Sources */ = {isa = PBXBuildFile; fileRef = FBB7D77D29D1ED4F00671C52 /* PHFetchResultCollection.swift */; };
		FBB7D78029D1FC1E00671C52 /* PHImageManager+.swift in Sources */ = {isa = PBXBuildFile; fileRef = FBB7D77F29D1FC1E00671C52 /* PHImageManager+.swift */; };
		FBB7D78329D30F0600671C52 /* SQLite in Frameworks */ = {isa = PBXBuildFile; productRef = FBB7D78229D30F0600671C52 /* SQLite */; };
		FBB7D78529D30F1E00671C52 /* DatabaseClient.swift in Sources */ = {isa = PBXBuildFile; fileRef = FBB7D78429D30F1E00671C52 /* DatabaseClient.swift */; };
		FBFA2B7629D32D3600B091E9 /* GRDB in Frameworks */ = {isa = PBXBuildFile; productRef = FBFA2B7529D32D3600B091E9 /* GRDB */; };
		FBFA2B7829D32D4000B091E9 /* FileManager+.swift in Sources */ = {isa = PBXBuildFile; fileRef = FBFA2B7729D32D4000B091E9 /* FileManager+.swift */; };
		FBFA2B7B29D3415E00B091E9 /* ImageDetailView.swift in Sources */ = {isa = PBXBuildFile; fileRef = FBFA2B7A29D3415E00B091E9 /* ImageDetailView.swift */; };
		FBFA2B7D29D34BEF00B091E9 /* VectorClient.swift in Sources */ = {isa = PBXBuildFile; fileRef = FBFA2B7C29D34BEF00B091E9 /* VectorClient.swift */; };
		FBFA2B7F29D35EE000B091E9 /* ImageDetail.swift in Sources */ = {isa = PBXBuildFile; fileRef = FBFA2B7E29D35EE000B091E9 /* ImageDetail.swift */; };
		FBFA2B8129D35F3000B091E9 /* Home.swift in Sources */ = {isa = PBXBuildFile; fileRef = FBFA2B8029D35F3000B091E9 /* Home.swift */; };
		FBFA2B8629D3658000B091E9 /* KDTree in Frameworks */ = {isa = PBXBuildFile; productRef = FBFA2B8529D3658000B091E9 /* KDTree */; };
		FBFA2B8829D37D5300B091E9 /* Array+.swift in Sources */ = {isa = PBXBuildFile; fileRef = FBFA2B8729D37D5300B091E9 /* Array+.swift */; };
		FBFA2B8A29D37D9200B091E9 /* View+.swift in Sources */ = {isa = PBXBuildFile; fileRef = FBFA2B8929D37D9200B091E9 /* View+.swift */; };
/* End PBXBuildFile section */

/* Begin PBXFileReference section */
		FBB7D75829D1BE0100671C52 /* ImageProcessing.app */ = {isa = PBXFileReference; explicitFileType = wrapper.application; includeInIndex = 0; path = ImageProcessing.app; sourceTree = BUILT_PRODUCTS_DIR; };
		FBB7D75B29D1BE0100671C52 /* ImageProcessingApp.swift */ = {isa = PBXFileReference; lastKnownFileType = sourcecode.swift; path = ImageProcessingApp.swift; sourceTree = "<group>"; };
		FBB7D75F29D1BE0200671C52 /* Assets.xcassets */ = {isa = PBXFileReference; lastKnownFileType = folder.assetcatalog; path = Assets.xcassets; sourceTree = "<group>"; };
		FBB7D76229D1BE0200671C52 /* Preview Assets.xcassets */ = {isa = PBXFileReference; lastKnownFileType = folder.assetcatalog; path = "Preview Assets.xcassets"; sourceTree = "<group>"; };
		FBB7D76A29D1BF9500671C52 /* HomeView.swift */ = {isa = PBXFileReference; lastKnownFileType = sourcecode.swift; path = HomeView.swift; sourceTree = "<group>"; };
		FBB7D76E29D1C05100671C52 /* ImageStackView.swift */ = {isa = PBXFileReference; lastKnownFileType = sourcecode.swift; path = ImageStackView.swift; sourceTree = "<group>"; };
		FBB7D77129D1C07300671C52 /* PHAsset+.swift */ = {isa = PBXFileReference; lastKnownFileType = sourcecode.swift; path = "PHAsset+.swift"; sourceTree = "<group>"; };
		FBB7D77A29D1DED700671C52 /* PhotoClient.swift */ = {isa = PBXFileReference; lastKnownFileType = sourcecode.swift; path = PhotoClient.swift; sourceTree = "<group>"; };
		FBB7D77D29D1ED4F00671C52 /* PHFetchResultCollection.swift */ = {isa = PBXFileReference; lastKnownFileType = sourcecode.swift; path = PHFetchResultCollection.swift; sourceTree = "<group>"; };
		FBB7D77F29D1FC1E00671C52 /* PHImageManager+.swift */ = {isa = PBXFileReference; lastKnownFileType = sourcecode.swift; path = "PHImageManager+.swift"; sourceTree = "<group>"; };
		FBB7D78429D30F1E00671C52 /* DatabaseClient.swift */ = {isa = PBXFileReference; lastKnownFileType = sourcecode.swift; path = DatabaseClient.swift; sourceTree = "<group>"; };
		FBFA2B7729D32D4000B091E9 /* FileManager+.swift */ = {isa = PBXFileReference; lastKnownFileType = sourcecode.swift; path = "FileManager+.swift"; sourceTree = "<group>"; };
		FBFA2B7A29D3415E00B091E9 /* ImageDetailView.swift */ = {isa = PBXFileReference; lastKnownFileType = sourcecode.swift; path = ImageDetailView.swift; sourceTree = "<group>"; };
		FBFA2B7C29D34BEF00B091E9 /* VectorClient.swift */ = {isa = PBXFileReference; lastKnownFileType = sourcecode.swift; path = VectorClient.swift; sourceTree = "<group>"; };
		FBFA2B7E29D35EE000B091E9 /* ImageDetail.swift */ = {isa = PBXFileReference; lastKnownFileType = sourcecode.swift; path = ImageDetail.swift; sourceTree = "<group>"; };
		FBFA2B8029D35F3000B091E9 /* Home.swift */ = {isa = PBXFileReference; lastKnownFileType = sourcecode.swift; path = Home.swift; sourceTree = "<group>"; };
		FBFA2B8729D37D5300B091E9 /* Array+.swift */ = {isa = PBXFileReference; lastKnownFileType = sourcecode.swift; path = "Array+.swift"; sourceTree = "<group>"; };
		FBFA2B8929D37D9200B091E9 /* View+.swift */ = {isa = PBXFileReference; lastKnownFileType = sourcecode.swift; path = "View+.swift"; sourceTree = "<group>"; };
/* End PBXFileReference section */

/* Begin PBXFrameworksBuildPhase section */
		FBB7D75529D1BE0100671C52 /* Frameworks */ = {
			isa = PBXFrameworksBuildPhase;
			buildActionMask = 2147483647;
			files = (
				FBB7D78329D30F0600671C52 /* SQLite in Frameworks */,
				FBFA2B8629D3658000B091E9 /* KDTree in Frameworks */,
				FBFA2B7629D32D3600B091E9 /* GRDB in Frameworks */,
				FBB7D77629D1C5CC00671C52 /* Dependencies in Frameworks */,
				FBB7D77929D1C86400671C52 /* ComposableArchitecture in Frameworks */,
			);
			runOnlyForDeploymentPostprocessing = 0;
		};
/* End PBXFrameworksBuildPhase section */

/* Begin PBXGroup section */
		FBB7D74F29D1BE0100671C52 = {
			isa = PBXGroup;
			children = (
				FBB7D75A29D1BE0100671C52 /* ImageProcessing */,
				FBB7D75929D1BE0100671C52 /* Products */,
			);
			sourceTree = "<group>";
		};
		FBB7D75929D1BE0100671C52 /* Products */ = {
			isa = PBXGroup;
			children = (
				FBB7D75829D1BE0100671C52 /* ImageProcessing.app */,
			);
			name = Products;
			sourceTree = "<group>";
		};
		FBB7D75A29D1BE0100671C52 /* ImageProcessing */ = {
			isa = PBXGroup;
			children = (
				FBFA2B8329D35F6000B091E9 /* AppInfo */,
				FBFA2B8229D35F4900B091E9 /* Client */,
				FBB7D77C29D1ED4400671C52 /* Utils */,
				FBB7D77029D1C06800671C52 /* Extension */,
				FBB7D76929D1BF8A00671C52 /* Scenes */,
				FBB7D75F29D1BE0200671C52 /* Assets.xcassets */,
				FBB7D76129D1BE0200671C52 /* Preview Content */,
			);
			path = ImageProcessing;
			sourceTree = "<group>";
		};
		FBB7D76129D1BE0200671C52 /* Preview Content */ = {
			isa = PBXGroup;
			children = (
				FBB7D76229D1BE0200671C52 /* Preview Assets.xcassets */,
			);
			path = "Preview Content";
			sourceTree = "<group>";
		};
		FBB7D76929D1BF8A00671C52 /* Scenes */ = {
			isa = PBXGroup;
			children = (
				FBFA2B7929D3415600B091E9 /* Detail */,
				FBB7D77329D1C1D400671C52 /* Home */,
			);
			path = Scenes;
			sourceTree = "<group>";
		};
		FBB7D77029D1C06800671C52 /* Extension */ = {
			isa = PBXGroup;
			children = (
				FBB7D77129D1C07300671C52 /* PHAsset+.swift */,
				FBB7D77F29D1FC1E00671C52 /* PHImageManager+.swift */,
				FBFA2B7729D32D4000B091E9 /* FileManager+.swift */,
				FBFA2B8729D37D5300B091E9 /* Array+.swift */,
				FBFA2B8929D37D9200B091E9 /* View+.swift */,
			);
			path = Extension;
			sourceTree = "<group>";
		};
		FBB7D77329D1C1D400671C52 /* Home */ = {
			isa = PBXGroup;
			children = (
				FBB7D76A29D1BF9500671C52 /* HomeView.swift */,
				FBFA2B8029D35F3000B091E9 /* Home.swift */,
				FBB7D76E29D1C05100671C52 /* ImageStackView.swift */,
			);
			path = Home;
			sourceTree = "<group>";
		};
		FBB7D77C29D1ED4400671C52 /* Utils */ = {
			isa = PBXGroup;
			children = (
				FBB7D77D29D1ED4F00671C52 /* PHFetchResultCollection.swift */,
			);
			path = Utils;
			sourceTree = "<group>";
		};
		FBFA2B7929D3415600B091E9 /* Detail */ = {
			isa = PBXGroup;
			children = (
				FBFA2B7A29D3415E00B091E9 /* ImageDetailView.swift */,
				FBFA2B7E29D35EE000B091E9 /* ImageDetail.swift */,
			);
			path = Detail;
			sourceTree = "<group>";
		};
		FBFA2B8229D35F4900B091E9 /* Client */ = {
			isa = PBXGroup;
			children = (
				FBFA2B7C29D34BEF00B091E9 /* VectorClient.swift */,
				FBB7D78429D30F1E00671C52 /* DatabaseClient.swift */,
				FBB7D77A29D1DED700671C52 /* PhotoClient.swift */,
			);
			path = Client;
			sourceTree = "<group>";
		};
		FBFA2B8329D35F6000B091E9 /* AppInfo */ = {
			isa = PBXGroup;
			children = (
				FBB7D75B29D1BE0100671C52 /* ImageProcessingApp.swift */,
			);
			path = AppInfo;
			sourceTree = "<group>";
		};
/* End PBXGroup section */

/* Begin PBXNativeTarget section */
		FBB7D75729D1BE0100671C52 /* ImageProcessing */ = {
			isa = PBXNativeTarget;
			buildConfigurationList = FBB7D76629D1BE0200671C52 /* Build configuration list for PBXNativeTarget "ImageProcessing" */;
			buildPhases = (
				FBB7D75429D1BE0100671C52 /* Sources */,
				FBB7D75529D1BE0100671C52 /* Frameworks */,
				FBB7D75629D1BE0100671C52 /* Resources */,
			);
			buildRules = (
			);
			dependencies = (
			);
			name = ImageProcessing;
			packageProductDependencies = (
				FBB7D77529D1C5CC00671C52 /* Dependencies */,
				FBB7D77829D1C86400671C52 /* ComposableArchitecture */,
				FBB7D78229D30F0600671C52 /* SQLite */,
				FBFA2B7529D32D3600B091E9 /* GRDB */,
				FBFA2B8529D3658000B091E9 /* KDTree */,
			);
			productName = ImageProcessing;
			productReference = FBB7D75829D1BE0100671C52 /* ImageProcessing.app */;
			productType = "com.apple.product-type.application";
		};
/* End PBXNativeTarget section */

/* Begin PBXProject section */
		FBB7D75029D1BE0100671C52 /* Project object */ = {
			isa = PBXProject;
			attributes = {
				BuildIndependentTargetsInParallel = 1;
				LastSwiftUpdateCheck = 1420;
				LastUpgradeCheck = 1420;
				TargetAttributes = {
					FBB7D75729D1BE0100671C52 = {
						CreatedOnToolsVersion = 14.2;
					};
				};
			};
			buildConfigurationList = FBB7D75329D1BE0100671C52 /* Build configuration list for PBXProject "ImageProcessing" */;
			compatibilityVersion = "Xcode 14.0";
			developmentRegion = en;
			hasScannedForEncodings = 0;
			knownRegions = (
				en,
				Base,
			);
			mainGroup = FBB7D74F29D1BE0100671C52;
			packageReferences = (
				FBB7D77429D1C5CC00671C52 /* XCRemoteSwiftPackageReference "swift-dependencies" */,
				FBB7D77729D1C86400671C52 /* XCRemoteSwiftPackageReference "swift-composable-architecture" */,
				FBB7D78129D30F0600671C52 /* XCRemoteSwiftPackageReference "SQLite.swift" */,
				FBFA2B7429D32D3600B091E9 /* XCRemoteSwiftPackageReference "GRDB.swift" */,
				FBFA2B8429D3657F00B091E9 /* XCRemoteSwiftPackageReference "KDTree" */,
			);
			productRefGroup = FBB7D75929D1BE0100671C52 /* Products */;
			projectDirPath = "";
			projectRoot = "";
			targets = (
				FBB7D75729D1BE0100671C52 /* ImageProcessing */,
			);
		};
/* End PBXProject section */

/* Begin PBXResourcesBuildPhase section */
		FBB7D75629D1BE0100671C52 /* Resources */ = {
			isa = PBXResourcesBuildPhase;
			buildActionMask = 2147483647;
			files = (
				FBB7D76329D1BE0200671C52 /* Preview Assets.xcassets in Resources */,
				FBB7D76029D1BE0200671C52 /* Assets.xcassets in Resources */,
			);
			runOnlyForDeploymentPostprocessing = 0;
		};
/* End PBXResourcesBuildPhase section */

/* Begin PBXSourcesBuildPhase section */
		FBB7D75429D1BE0100671C52 /* Sources */ = {
			isa = PBXSourcesBuildPhase;
			buildActionMask = 2147483647;
			files = (
				FBB7D76B29D1BF9500671C52 /* HomeView.swift in Sources */,
				FBB7D78029D1FC1E00671C52 /* PHImageManager+.swift in Sources */,
				FBB7D78529D30F1E00671C52 /* DatabaseClient.swift in Sources */,
				FBFA2B7D29D34BEF00B091E9 /* VectorClient.swift in Sources */,
				FBFA2B7829D32D4000B091E9 /* FileManager+.swift in Sources */,
				FBFA2B8129D35F3000B091E9 /* Home.swift in Sources */,
				FBFA2B7B29D3415E00B091E9 /* ImageDetailView.swift in Sources */,
				FBB7D77229D1C07300671C52 /* PHAsset+.swift in Sources */,
				FBB7D75C29D1BE0100671C52 /* ImageProcessingApp.swift in Sources */,
				FBFA2B7F29D35EE000B091E9 /* ImageDetail.swift in Sources */,
				FBB7D77E29D1ED4F00671C52 /* PHFetchResultCollection.swift in Sources */,
				FBB7D77B29D1DED700671C52 /* PhotoClient.swift in Sources */,
				FBB7D76F29D1C05100671C52 /* ImageStackView.swift in Sources */,
				FBFA2B8A29D37D9200B091E9 /* View+.swift in Sources */,
				FBFA2B8829D37D5300B091E9 /* Array+.swift in Sources */,
			);
			runOnlyForDeploymentPostprocessing = 0;
		};
/* End PBXSourcesBuildPhase section */

/* Begin XCBuildConfiguration section */
		FBB7D76429D1BE0200671C52 /* Debug */ = {
			isa = XCBuildConfiguration;
			buildSettings = {
				ALWAYS_SEARCH_USER_PATHS = NO;
				CLANG_ANALYZER_NONNULL = YES;
				CLANG_ANALYZER_NUMBER_OBJECT_CONVERSION = YES_AGGRESSIVE;
				CLANG_CXX_LANGUAGE_STANDARD = "gnu++20";
				CLANG_ENABLE_MODULES = YES;
				CLANG_ENABLE_OBJC_ARC = YES;
				CLANG_ENABLE_OBJC_WEAK = YES;
				CLANG_WARN_BLOCK_CAPTURE_AUTORELEASING = YES;
				CLANG_WARN_BOOL_CONVERSION = YES;
				CLANG_WARN_COMMA = YES;
				CLANG_WARN_CONSTANT_CONVERSION = YES;
				CLANG_WARN_DEPRECATED_OBJC_IMPLEMENTATIONS = YES;
				CLANG_WARN_DIRECT_OBJC_ISA_USAGE = YES_ERROR;
				CLANG_WARN_DOCUMENTATION_COMMENTS = YES;
				CLANG_WARN_EMPTY_BODY = YES;
				CLANG_WARN_ENUM_CONVERSION = YES;
				CLANG_WARN_INFINITE_RECURSION = YES;
				CLANG_WARN_INT_CONVERSION = YES;
				CLANG_WARN_NON_LITERAL_NULL_CONVERSION = YES;
				CLANG_WARN_OBJC_IMPLICIT_RETAIN_SELF = YES;
				CLANG_WARN_OBJC_LITERAL_CONVERSION = YES;
				CLANG_WARN_OBJC_ROOT_CLASS = YES_ERROR;
				CLANG_WARN_QUOTED_INCLUDE_IN_FRAMEWORK_HEADER = YES;
				CLANG_WARN_RANGE_LOOP_ANALYSIS = YES;
				CLANG_WARN_STRICT_PROTOTYPES = YES;
				CLANG_WARN_SUSPICIOUS_MOVE = YES;
				CLANG_WARN_UNGUARDED_AVAILABILITY = YES_AGGRESSIVE;
				CLANG_WARN_UNREACHABLE_CODE = YES;
				CLANG_WARN__DUPLICATE_METHOD_MATCH = YES;
				COPY_PHASE_STRIP = NO;
				DEBUG_INFORMATION_FORMAT = dwarf;
				ENABLE_STRICT_OBJC_MSGSEND = YES;
				ENABLE_TESTABILITY = YES;
				GCC_C_LANGUAGE_STANDARD = gnu11;
				GCC_DYNAMIC_NO_PIC = NO;
				GCC_NO_COMMON_BLOCKS = YES;
				GCC_OPTIMIZATION_LEVEL = 0;
				GCC_PREPROCESSOR_DEFINITIONS = (
					"DEBUG=1",
					"$(inherited)",
				);
				GCC_WARN_64_TO_32_BIT_CONVERSION = YES;
				GCC_WARN_ABOUT_RETURN_TYPE = YES_ERROR;
				GCC_WARN_UNDECLARED_SELECTOR = YES;
				GCC_WARN_UNINITIALIZED_AUTOS = YES_AGGRESSIVE;
				GCC_WARN_UNUSED_FUNCTION = YES;
				GCC_WARN_UNUSED_VARIABLE = YES;
				IPHONEOS_DEPLOYMENT_TARGET = 16.2;
				MTL_ENABLE_DEBUG_INFO = INCLUDE_SOURCE;
				MTL_FAST_MATH = YES;
				ONLY_ACTIVE_ARCH = YES;
				SDKROOT = iphoneos;
				SWIFT_ACTIVE_COMPILATION_CONDITIONS = DEBUG;
				SWIFT_OPTIMIZATION_LEVEL = "-Onone";
			};
			name = Debug;
		};
		FBB7D76529D1BE0200671C52 /* Release */ = {
			isa = XCBuildConfiguration;
			buildSettings = {
				ALWAYS_SEARCH_USER_PATHS = NO;
				CLANG_ANALYZER_NONNULL = YES;
				CLANG_ANALYZER_NUMBER_OBJECT_CONVERSION = YES_AGGRESSIVE;
				CLANG_CXX_LANGUAGE_STANDARD = "gnu++20";
				CLANG_ENABLE_MODULES = YES;
				CLANG_ENABLE_OBJC_ARC = YES;
				CLANG_ENABLE_OBJC_WEAK = YES;
				CLANG_WARN_BLOCK_CAPTURE_AUTORELEASING = YES;
				CLANG_WARN_BOOL_CONVERSION = YES;
				CLANG_WARN_COMMA = YES;
				CLANG_WARN_CONSTANT_CONVERSION = YES;
				CLANG_WARN_DEPRECATED_OBJC_IMPLEMENTATIONS = YES;
				CLANG_WARN_DIRECT_OBJC_ISA_USAGE = YES_ERROR;
				CLANG_WARN_DOCUMENTATION_COMMENTS = YES;
				CLANG_WARN_EMPTY_BODY = YES;
				CLANG_WARN_ENUM_CONVERSION = YES;
				CLANG_WARN_INFINITE_RECURSION = YES;
				CLANG_WARN_INT_CONVERSION = YES;
				CLANG_WARN_NON_LITERAL_NULL_CONVERSION = YES;
				CLANG_WARN_OBJC_IMPLICIT_RETAIN_SELF = YES;
				CLANG_WARN_OBJC_LITERAL_CONVERSION = YES;
				CLANG_WARN_OBJC_ROOT_CLASS = YES_ERROR;
				CLANG_WARN_QUOTED_INCLUDE_IN_FRAMEWORK_HEADER = YES;
				CLANG_WARN_RANGE_LOOP_ANALYSIS = YES;
				CLANG_WARN_STRICT_PROTOTYPES = YES;
				CLANG_WARN_SUSPICIOUS_MOVE = YES;
				CLANG_WARN_UNGUARDED_AVAILABILITY = YES_AGGRESSIVE;
				CLANG_WARN_UNREACHABLE_CODE = YES;
				CLANG_WARN__DUPLICATE_METHOD_MATCH = YES;
				COPY_PHASE_STRIP = NO;
				DEBUG_INFORMATION_FORMAT = "dwarf-with-dsym";
				ENABLE_NS_ASSERTIONS = NO;
				ENABLE_STRICT_OBJC_MSGSEND = YES;
				GCC_C_LANGUAGE_STANDARD = gnu11;
				GCC_NO_COMMON_BLOCKS = YES;
				GCC_WARN_64_TO_32_BIT_CONVERSION = YES;
				GCC_WARN_ABOUT_RETURN_TYPE = YES_ERROR;
				GCC_WARN_UNDECLARED_SELECTOR = YES;
				GCC_WARN_UNINITIALIZED_AUTOS = YES_AGGRESSIVE;
				GCC_WARN_UNUSED_FUNCTION = YES;
				GCC_WARN_UNUSED_VARIABLE = YES;
				IPHONEOS_DEPLOYMENT_TARGET = 16.2;
				MTL_ENABLE_DEBUG_INFO = NO;
				MTL_FAST_MATH = YES;
				SDKROOT = iphoneos;
				SWIFT_COMPILATION_MODE = wholemodule;
				SWIFT_OPTIMIZATION_LEVEL = "-O";
				VALIDATE_PRODUCT = YES;
			};
			name = Release;
		};
		FBB7D76729D1BE0200671C52 /* Debug */ = {
			isa = XCBuildConfiguration;
			buildSettings = {
				ASSETCATALOG_COMPILER_APPICON_NAME = AppIcon;
				ASSETCATALOG_COMPILER_GLOBAL_ACCENT_COLOR_NAME = AccentColor;
				CODE_SIGN_STYLE = Automatic;
				CURRENT_PROJECT_VERSION = 1;
				DEVELOPMENT_ASSET_PATHS = "\"ImageProcessing/Preview Content\"";
				DEVELOPMENT_TEAM = 4NY95N3V93;
				ENABLE_PREVIEWS = YES;
				GENERATE_INFOPLIST_FILE = YES;
				INFOPLIST_KEY_NSPhotoLibraryUsageDescription = "Allow photo permission - Need to change this text";
				INFOPLIST_KEY_UIApplicationSceneManifest_Generation = YES;
				INFOPLIST_KEY_UIApplicationSupportsIndirectInputEvents = YES;
				INFOPLIST_KEY_UILaunchScreen_Generation = YES;
				INFOPLIST_KEY_UISupportedInterfaceOrientations_iPad = "UIInterfaceOrientationPortrait UIInterfaceOrientationPortraitUpsideDown UIInterfaceOrientationLandscapeLeft UIInterfaceOrientationLandscapeRight";
				INFOPLIST_KEY_UISupportedInterfaceOrientations_iPhone = "UIInterfaceOrientationPortrait UIInterfaceOrientationLandscapeLeft UIInterfaceOrientationLandscapeRight";
				IPHONEOS_DEPLOYMENT_TARGET = 15.0;
				LD_RUNPATH_SEARCH_PATHS = (
					"$(inherited)",
					"@executable_path/Frameworks",
				);
				MARKETING_VERSION = 1.0;
				PRODUCT_BUNDLE_IDENTIFIER = com.swifty.3dmodel.demo.ImageProcessing;
				PRODUCT_NAME = "$(TARGET_NAME)";
				SWIFT_EMIT_LOC_STRINGS = YES;
				SWIFT_VERSION = 5.0;
				TARGETED_DEVICE_FAMILY = "1,2";
			};
			name = Debug;
		};
		FBB7D76829D1BE0200671C52 /* Release */ = {
			isa = XCBuildConfiguration;
			buildSettings = {
				ASSETCATALOG_COMPILER_APPICON_NAME = AppIcon;
				ASSETCATALOG_COMPILER_GLOBAL_ACCENT_COLOR_NAME = AccentColor;
				CODE_SIGN_STYLE = Automatic;
				CURRENT_PROJECT_VERSION = 1;
				DEVELOPMENT_ASSET_PATHS = "\"ImageProcessing/Preview Content\"";
				DEVELOPMENT_TEAM = 4NY95N3V93;
				ENABLE_PREVIEWS = YES;
				GENERATE_INFOPLIST_FILE = YES;
				INFOPLIST_KEY_NSPhotoLibraryUsageDescription = "Allow photo permission - Need to change this text";
				INFOPLIST_KEY_UIApplicationSceneManifest_Generation = YES;
				INFOPLIST_KEY_UIApplicationSupportsIndirectInputEvents = YES;
				INFOPLIST_KEY_UILaunchScreen_Generation = YES;
				INFOPLIST_KEY_UISupportedInterfaceOrientations_iPad = "UIInterfaceOrientationPortrait UIInterfaceOrientationPortraitUpsideDown UIInterfaceOrientationLandscapeLeft UIInterfaceOrientationLandscapeRight";
				INFOPLIST_KEY_UISupportedInterfaceOrientations_iPhone = "UIInterfaceOrientationPortrait UIInterfaceOrientationLandscapeLeft UIInterfaceOrientationLandscapeRight";
				IPHONEOS_DEPLOYMENT_TARGET = 15.0;
				LD_RUNPATH_SEARCH_PATHS = (
					"$(inherited)",
					"@executable_path/Frameworks",
				);
				MARKETING_VERSION = 1.0;
				PRODUCT_BUNDLE_IDENTIFIER = com.swifty.3dmodel.demo.ImageProcessing;
				PRODUCT_NAME = "$(TARGET_NAME)";
				SWIFT_EMIT_LOC_STRINGS = YES;
				SWIFT_VERSION = 5.0;
				TARGETED_DEVICE_FAMILY = "1,2";
			};
			name = Release;
		};
/* End XCBuildConfiguration section */

/* Begin XCConfigurationList section */
		FBB7D75329D1BE0100671C52 /* Build configuration list for PBXProject "ImageProcessing" */ = {
			isa = XCConfigurationList;
			buildConfigurations = (
				FBB7D76429D1BE0200671C52 /* Debug */,
				FBB7D76529D1BE0200671C52 /* Release */,
			);
			defaultConfigurationIsVisible = 0;
			defaultConfigurationName = Release;
		};
		FBB7D76629D1BE0200671C52 /* Build configuration list for PBXNativeTarget "ImageProcessing" */ = {
			isa = XCConfigurationList;
			buildConfigurations = (
				FBB7D76729D1BE0200671C52 /* Debug */,
				FBB7D76829D1BE0200671C52 /* Release */,
			);
			defaultConfigurationIsVisible = 0;
			defaultConfigurationName = Release;
		};
/* End XCConfigurationList section */

/* Begin XCRemoteSwiftPackageReference section */
		FBB7D77429D1C5CC00671C52 /* XCRemoteSwiftPackageReference "swift-dependencies" */ = {
			isa = XCRemoteSwiftPackageReference;
			repositoryURL = "https://github.com/pointfreeco/swift-dependencies";
			requirement = {
				kind = upToNextMajorVersion;
				minimumVersion = 0.2.0;
			};
		};
		FBB7D77729D1C86400671C52 /* XCRemoteSwiftPackageReference "swift-composable-architecture" */ = {
			isa = XCRemoteSwiftPackageReference;
			repositoryURL = "https://github.com/pointfreeco/swift-composable-architecture";
			requirement = {
				branch = main;
				kind = branch;
			};
		};
		FBB7D78129D30F0600671C52 /* XCRemoteSwiftPackageReference "SQLite.swift" */ = {
			isa = XCRemoteSwiftPackageReference;
			repositoryURL = "https://github.com/stephencelis/SQLite.swift.git";
			requirement = {
				kind = upToNextMajorVersion;
				minimumVersion = 0.9.2;
			};
		};
		FBFA2B7429D32D3600B091E9 /* XCRemoteSwiftPackageReference "GRDB.swift" */ = {
			isa = XCRemoteSwiftPackageReference;
			repositoryURL = "https://github.com/groue/GRDB.swift.git";
			requirement = {
				branch = master;
				kind = branch;
			};
		};
		FBFA2B8429D3657F00B091E9 /* XCRemoteSwiftPackageReference "KDTree" */ = {
			isa = XCRemoteSwiftPackageReference;
			repositoryURL = "https://github.com/Bersaelor/KDTree";
			requirement = {
				kind = upToNextMajorVersion;
				minimumVersion = 1.0.0;
			};
		};
/* End XCRemoteSwiftPackageReference section */

/* Begin XCSwiftPackageProductDependency section */
		FBB7D77529D1C5CC00671C52 /* Dependencies */ = {
			isa = XCSwiftPackageProductDependency;
			package = FBB7D77429D1C5CC00671C52 /* XCRemoteSwiftPackageReference "swift-dependencies" */;
			productName = Dependencies;
		};
		FBB7D77829D1C86400671C52 /* ComposableArchitecture */ = {
			isa = XCSwiftPackageProductDependency;
			package = FBB7D77729D1C86400671C52 /* XCRemoteSwiftPackageReference "swift-composable-architecture" */;
			productName = ComposableArchitecture;
		};
		FBB7D78229D30F0600671C52 /* SQLite */ = {
			isa = XCSwiftPackageProductDependency;
			package = FBB7D78129D30F0600671C52 /* XCRemoteSwiftPackageReference "SQLite.swift" */;
			productName = SQLite;
		};
		FBFA2B7529D32D3600B091E9 /* GRDB */ = {
			isa = XCSwiftPackageProductDependency;
			package = FBFA2B7429D32D3600B091E9 /* XCRemoteSwiftPackageReference "GRDB.swift" */;
			productName = GRDB;
		};
		FBFA2B8529D3658000B091E9 /* KDTree */ = {
			isa = XCSwiftPackageProductDependency;
			package = FBFA2B8429D3657F00B091E9 /* XCRemoteSwiftPackageReference "KDTree" */;
			productName = KDTree;
		};
/* End XCSwiftPackageProductDependency section */
	};
	rootObject = FBB7D75029D1BE0100671C52 /* Project object */;
}
